// !$*UTF8*$!
{
	archiveVersion = 1;
	classes = {
	};
	objectVersion = 55;
	objects = {

/* Begin PBXBuildFile section */
		E3B58A2A59F2D80996E2D6FB /* Pods_GameOfTHronesCharacters.framework in Frameworks */ = {isa = PBXBuildFile; fileRef = FF1625B1711561B1E2463E1A /* Pods_GameOfTHronesCharacters.framework */; };
		FA013F8F28C64CBF00808E4C /* GameOfThronesCharactersApp.swift in Sources */ = {isa = PBXBuildFile; fileRef = FA013F8E28C64CBF00808E4C /* GameOfThronesCharactersApp.swift */; };
		FA013F9128C64CBF00808E4C /* ContentView.swift in Sources */ = {isa = PBXBuildFile; fileRef = FA013F9028C64CBF00808E4C /* ContentView.swift */; };
		FA013F9328C64CC100808E4C /* Assets.xcassets in Resources */ = {isa = PBXBuildFile; fileRef = FA013F9228C64CC100808E4C /* Assets.xcassets */; };
		FA013F9628C64CC100808E4C /* Preview Assets.xcassets in Resources */ = {isa = PBXBuildFile; fileRef = FA013F9528C64CC100808E4C /* Preview Assets.xcassets */; };
		FA3127FC28C66E3E00984907 /* MovieCharacterModel.swift in Sources */ = {isa = PBXBuildFile; fileRef = FA3127FB28C66E3E00984907 /* MovieCharacterModel.swift */; };
		FA31280028C6717100984907 /* NetworkManager.swift in Sources */ = {isa = PBXBuildFile; fileRef = FA3127FF28C6717000984907 /* NetworkManager.swift */; };
		FA9F84BC28CE315400F8A0C1 /* ContentViewModel.swift in Sources */ = {isa = PBXBuildFile; fileRef = FA9F84BB28CE315400F8A0C1 /* ContentViewModel.swift */; };
		FA9F84BE28CE356800F8A0C1 /* MovieCharactersList.swift in Sources */ = {isa = PBXBuildFile; fileRef = FA9F84BD28CE356800F8A0C1 /* MovieCharactersList.swift */; };
		FA9F84C128CE366D00F8A0C1 /* CustomCell.swift in Sources */ = {isa = PBXBuildFile; fileRef = FA9F84C028CE366D00F8A0C1 /* CustomCell.swift */; };
/* End PBXBuildFile section */

/* Begin PBXFileReference section */
		64ECF1EB1BDEA379B188EDD7 /* Pods-GameOfTHronesCharacters.debug.xcconfig */ = {isa = PBXFileReference; includeInIndex = 1; lastKnownFileType = text.xcconfig; name = "Pods-GameOfTHronesCharacters.debug.xcconfig"; path = "Target Support Files/Pods-GameOfTHronesCharacters/Pods-GameOfTHronesCharacters.debug.xcconfig"; sourceTree = "<group>"; };
		BAF1B9ED76C7661B30BB533F /* Pods-GameOfTHronesCharacters.release.xcconfig */ = {isa = PBXFileReference; includeInIndex = 1; lastKnownFileType = text.xcconfig; name = "Pods-GameOfTHronesCharacters.release.xcconfig"; path = "Target Support Files/Pods-GameOfTHronesCharacters/Pods-GameOfTHronesCharacters.release.xcconfig"; sourceTree = "<group>"; };
		FA013F8B28C64CBF00808E4C /* GameOfTHronesCharacters.app */ = {isa = PBXFileReference; explicitFileType = wrapper.application; includeInIndex = 0; path = GameOfTHronesCharacters.app; sourceTree = BUILT_PRODUCTS_DIR; };
		FA013F8E28C64CBF00808E4C /* GameOfThronesCharactersApp.swift */ = {isa = PBXFileReference; lastKnownFileType = sourcecode.swift; path = GameOfThronesCharactersApp.swift; sourceTree = "<group>"; };
		FA013F9028C64CBF00808E4C /* ContentView.swift */ = {isa = PBXFileReference; lastKnownFileType = sourcecode.swift; path = ContentView.swift; sourceTree = "<group>"; };
		FA013F9228C64CC100808E4C /* Assets.xcassets */ = {isa = PBXFileReference; lastKnownFileType = folder.assetcatalog; path = Assets.xcassets; sourceTree = "<group>"; };
		FA013F9528C64CC100808E4C /* Preview Assets.xcassets */ = {isa = PBXFileReference; lastKnownFileType = folder.assetcatalog; path = "Preview Assets.xcassets"; sourceTree = "<group>"; };
		FA3127FB28C66E3E00984907 /* MovieCharacterModel.swift */ = {isa = PBXFileReference; lastKnownFileType = sourcecode.swift; path = MovieCharacterModel.swift; sourceTree = "<group>"; };
		FA3127FF28C6717000984907 /* NetworkManager.swift */ = {isa = PBXFileReference; lastKnownFileType = sourcecode.swift; path = NetworkManager.swift; sourceTree = "<group>"; };
		FA31281228C9D63100984907 /* Info.plist */ = {isa = PBXFileReference; lastKnownFileType = text.plist; path = Info.plist; sourceTree = "<group>"; };
		FA9F84BB28CE315400F8A0C1 /* ContentViewModel.swift */ = {isa = PBXFileReference; lastKnownFileType = sourcecode.swift; path = ContentViewModel.swift; sourceTree = "<group>"; };
		FA9F84BD28CE356800F8A0C1 /* MovieCharactersList.swift */ = {isa = PBXFileReference; lastKnownFileType = sourcecode.swift; path = MovieCharactersList.swift; sourceTree = "<group>"; };
		FA9F84C028CE366D00F8A0C1 /* CustomCell.swift */ = {isa = PBXFileReference; lastKnownFileType = sourcecode.swift; path = CustomCell.swift; sourceTree = "<group>"; };
		FF1625B1711561B1E2463E1A /* Pods_GameOfTHronesCharacters.framework */ = {isa = PBXFileReference; explicitFileType = wrapper.framework; includeInIndex = 0; path = Pods_GameOfTHronesCharacters.framework; sourceTree = BUILT_PRODUCTS_DIR; };
/* End PBXFileReference section */

/* Begin PBXFrameworksBuildPhase section */
		FA013F8828C64CBF00808E4C /* Frameworks */ = {
			isa = PBXFrameworksBuildPhase;
			buildActionMask = 2147483647;
			files = (
				E3B58A2A59F2D80996E2D6FB /* Pods_GameOfTHronesCharacters.framework in Frameworks */,
			);
			runOnlyForDeploymentPostprocessing = 0;
		};
/* End PBXFrameworksBuildPhase section */

/* Begin PBXGroup section */
		1A7B3D682606CE7E60FD668A /* Frameworks */ = {
			isa = PBXGroup;
			children = (
				FF1625B1711561B1E2463E1A /* Pods_GameOfTHronesCharacters.framework */,
			);
			name = Frameworks;
			sourceTree = "<group>";
		};
		9CDB3955EEDE19B9AF799120 /* Pods */ = {
			isa = PBXGroup;
			children = (
				64ECF1EB1BDEA379B188EDD7 /* Pods-GameOfTHronesCharacters.debug.xcconfig */,
				BAF1B9ED76C7661B30BB533F /* Pods-GameOfTHronesCharacters.release.xcconfig */,
			);
			path = Pods;
			sourceTree = "<group>";
		};
		FA013F8228C64CBF00808E4C = {
			isa = PBXGroup;
			children = (
				FA013F8D28C64CBF00808E4C /* GameOfTHronesCharacters */,
				FA013F8C28C64CBF00808E4C /* Products */,
				9CDB3955EEDE19B9AF799120 /* Pods */,
				1A7B3D682606CE7E60FD668A /* Frameworks */,
			);
			sourceTree = "<group>";
		};
		FA013F8C28C64CBF00808E4C /* Products */ = {
			isa = PBXGroup;
			children = (
				FA013F8B28C64CBF00808E4C /* GameOfTHronesCharacters.app */,
			);
			name = Products;
			sourceTree = "<group>";
		};
		FA013F8D28C64CBF00808E4C /* GameOfTHronesCharacters */ = {
			isa = PBXGroup;
			children = (
				FA31281228C9D63100984907 /* Info.plist */,
				FA013F8E28C64CBF00808E4C /* GameOfThronesCharactersApp.swift */,
				FA9F84BF28CE364500F8A0C1 /* CustomElements */,
				FA31280F28C8C98E00984907 /* View */,
				FA31280A28C7E37500984907 /* Models */,
				FA31280928C7E36600984907 /* Services */,
				FA013F9228C64CC100808E4C /* Assets.xcassets */,
				FA013F9428C64CC100808E4C /* Preview Content */,
			);
			path = GameOfTHronesCharacters;
			sourceTree = "<group>";
		};
		FA013F9428C64CC100808E4C /* Preview Content */ = {
			isa = PBXGroup;
			children = (
				FA013F9528C64CC100808E4C /* Preview Assets.xcassets */,
			);
			path = "Preview Content";
			sourceTree = "<group>";
		};
		FA31280928C7E36600984907 /* Services */ = {
			isa = PBXGroup;
			children = (
				FA3127FF28C6717000984907 /* NetworkManager.swift */,
			);
			path = Services;
			sourceTree = "<group>";
		};
		FA31280A28C7E37500984907 /* Models */ = {
			isa = PBXGroup;
			children = (
				FA3127FB28C66E3E00984907 /* MovieCharacterModel.swift */,
				FA9F84BD28CE356800F8A0C1 /* MovieCharactersList.swift */,
			);
			path = Models;
			sourceTree = "<group>";
		};
		FA31280F28C8C98E00984907 /* View */ = {
			isa = PBXGroup;
			children = (
				FA013F9028C64CBF00808E4C /* ContentView.swift */,
				FA9F84BB28CE315400F8A0C1 /* ContentViewModel.swift */,
			);
			path = View;
			sourceTree = "<group>";
		};
		FA9F84BF28CE364500F8A0C1 /* CustomElements */ = {
			isa = PBXGroup;
			children = (
				FA9F84C028CE366D00F8A0C1 /* CustomCell.swift */,
			);
			path = CustomElements;
			sourceTree = "<group>";
		};
/* End PBXGroup section */

/* Begin PBXNativeTarget section */
		FA013F8A28C64CBF00808E4C /* GameOfTHronesCharacters */ = {
			isa = PBXNativeTarget;
			buildConfigurationList = FA013F9928C64CC200808E4C /* Build configuration list for PBXNativeTarget "GameOfTHronesCharacters" */;
			buildPhases = (
				0E59DF941F681D926A4E889E /* [CP] Check Pods Manifest.lock */,
				FA013F8728C64CBF00808E4C /* Sources */,
				FA013F8828C64CBF00808E4C /* Frameworks */,
				FA013F8928C64CBF00808E4C /* Resources */,
				890F7372706E96BBB29410C9 /* [CP] Embed Pods Frameworks */,
			);
			buildRules = (
			);
			dependencies = (
			);
			name = GameOfTHronesCharacters;
			productName = GameOfTHronesCharacters;
			productReference = FA013F8B28C64CBF00808E4C /* GameOfTHronesCharacters.app */;
			productType = "com.apple.product-type.application";
		};
/* End PBXNativeTarget section */

/* Begin PBXProject section */
		FA013F8328C64CBF00808E4C /* Project object */ = {
			isa = PBXProject;
			attributes = {
				BuildIndependentTargetsInParallel = 1;
				LastSwiftUpdateCheck = 1340;
				LastUpgradeCheck = 1340;
				TargetAttributes = {
					FA013F8A28C64CBF00808E4C = {
						CreatedOnToolsVersion = 13.4.1;
					};
				};
			};
			buildConfigurationList = FA013F8628C64CBF00808E4C /* Build configuration list for PBXProject "GameOfTHronesCharacters" */;
			compatibilityVersion = "Xcode 13.0";
			developmentRegion = en;
			hasScannedForEncodings = 0;
			knownRegions = (
				en,
				Base,
			);
			mainGroup = FA013F8228C64CBF00808E4C;
			productRefGroup = FA013F8C28C64CBF00808E4C /* Products */;
			projectDirPath = "";
			projectRoot = "";
			targets = (
				FA013F8A28C64CBF00808E4C /* GameOfTHronesCharacters */,
			);
		};
/* End PBXProject section */

/* Begin PBXResourcesBuildPhase section */
		FA013F8928C64CBF00808E4C /* Resources */ = {
			isa = PBXResourcesBuildPhase;
			buildActionMask = 2147483647;
			files = (
				FA013F9628C64CC100808E4C /* Preview Assets.xcassets in Resources */,
				FA013F9328C64CC100808E4C /* Assets.xcassets in Resources */,
			);
			runOnlyForDeploymentPostprocessing = 0;
		};
/* End PBXResourcesBuildPhase section */

/* Begin PBXShellScriptBuildPhase section */
		0E59DF941F681D926A4E889E /* [CP] Check Pods Manifest.lock */ = {
			isa = PBXShellScriptBuildPhase;
			buildActionMask = 2147483647;
			files = (
			);
			inputFileListPaths = (
			);
			inputPaths = (
				"${PODS_PODFILE_DIR_PATH}/Podfile.lock",
				"${PODS_ROOT}/Manifest.lock",
			);
			name = "[CP] Check Pods Manifest.lock";
			outputFileListPaths = (
			);
			outputPaths = (
				"$(DERIVED_FILE_DIR)/Pods-GameOfTHronesCharacters-checkManifestLockResult.txt",
			);
			runOnlyForDeploymentPostprocessing = 0;
			shellPath = /bin/sh;
			shellScript = "diff \"${PODS_PODFILE_DIR_PATH}/Podfile.lock\" \"${PODS_ROOT}/Manifest.lock\" > /dev/null\nif [ $? != 0 ] ; then\n    # print error to STDERR\n    echo \"error: The sandbox is not in sync with the Podfile.lock. Run 'pod install' or update your CocoaPods installation.\" >&2\n    exit 1\nfi\n# This output is used by Xcode 'outputs' to avoid re-running this script phase.\necho \"SUCCESS\" > \"${SCRIPT_OUTPUT_FILE_0}\"\n";
			showEnvVarsInLog = 0;
		};
		890F7372706E96BBB29410C9 /* [CP] Embed Pods Frameworks */ = {
			isa = PBXShellScriptBuildPhase;
			buildActionMask = 2147483647;
			files = (
			);
			inputFileListPaths = (
				"${PODS_ROOT}/Target Support Files/Pods-GameOfTHronesCharacters/Pods-GameOfTHronesCharacters-frameworks-${CONFIGURATION}-input-files.xcfilelist",
			);
			name = "[CP] Embed Pods Frameworks";
			outputFileListPaths = (
				"${PODS_ROOT}/Target Support Files/Pods-GameOfTHronesCharacters/Pods-GameOfTHronesCharacters-frameworks-${CONFIGURATION}-output-files.xcfilelist",
			);
			runOnlyForDeploymentPostprocessing = 0;
			shellPath = /bin/sh;
			shellScript = "\"${PODS_ROOT}/Target Support Files/Pods-GameOfTHronesCharacters/Pods-GameOfTHronesCharacters-frameworks.sh\"\n";
			showEnvVarsInLog = 0;
		};
/* End PBXShellScriptBuildPhase section */

/* Begin PBXSourcesBuildPhase section */
		FA013F8728C64CBF00808E4C /* Sources */ = {
			isa = PBXSourcesBuildPhase;
			buildActionMask = 2147483647;
			files = (
				FA31280028C6717100984907 /* NetworkManager.swift in Sources */,
				FA3127FC28C66E3E00984907 /* MovieCharacterModel.swift in Sources */,
				FA013F9128C64CBF00808E4C /* ContentView.swift in Sources */,
				FA013F8F28C64CBF00808E4C /* GameOfThronesCharactersApp.swift in Sources */,
				FA9F84BE28CE356800F8A0C1 /* MovieCharactersList.swift in Sources */,
				FA9F84C128CE366D00F8A0C1 /* CustomCell.swift in Sources */,
				FA9F84BC28CE315400F8A0C1 /* ContentViewModel.swift in Sources */,
			);
			runOnlyForDeploymentPostprocessing = 0;
		};
/* End PBXSourcesBuildPhase section */

/* Begin XCBuildConfiguration section */
		FA013F9728C64CC100808E4C /* Debug */ = {
			isa = XCBuildConfiguration;
			buildSettings = {
				ALWAYS_SEARCH_USER_PATHS = NO;
				CLANG_ANALYZER_NONNULL = YES;
				CLANG_ANALYZER_NUMBER_OBJECT_CONVERSION = YES_AGGRESSIVE;
				CLANG_CXX_LANGUAGE_STANDARD = "gnu++17";
				CLANG_ENABLE_MODULES = YES;
				CLANG_ENABLE_OBJC_ARC = YES;
				CLANG_ENABLE_OBJC_WEAK = YES;
				CLANG_WARN_BLOCK_CAPTURE_AUTORELEASING = YES;
				CLANG_WARN_BOOL_CONVERSION = YES;
				CLANG_WARN_COMMA = YES;
				CLANG_WARN_CONSTANT_CONVERSION = YES;
				CLANG_WARN_DEPRECATED_OBJC_IMPLEMENTATIONS = YES;
				CLANG_WARN_DIRECT_OBJC_ISA_USAGE = YES_ERROR;
				CLANG_WARN_DOCUMENTATION_COMMENTS = YES;
				CLANG_WARN_EMPTY_BODY = YES;
				CLANG_WARN_ENUM_CONVERSION = YES;
				CLANG_WARN_INFINITE_RECURSION = YES;
				CLANG_WARN_INT_CONVERSION = YES;
				CLANG_WARN_NON_LITERAL_NULL_CONVERSION = YES;
				CLANG_WARN_OBJC_IMPLICIT_RETAIN_SELF = YES;
				CLANG_WARN_OBJC_LITERAL_CONVERSION = YES;
				CLANG_WARN_OBJC_ROOT_CLASS = YES_ERROR;
				CLANG_WARN_QUOTED_INCLUDE_IN_FRAMEWORK_HEADER = YES;
				CLANG_WARN_RANGE_LOOP_ANALYSIS = YES;
				CLANG_WARN_STRICT_PROTOTYPES = YES;
				CLANG_WARN_SUSPICIOUS_MOVE = YES;
				CLANG_WARN_UNGUARDED_AVAILABILITY = YES_AGGRESSIVE;
				CLANG_WARN_UNREACHABLE_CODE = YES;
				CLANG_WARN__DUPLICATE_METHOD_MATCH = YES;
				COPY_PHASE_STRIP = NO;
				DEBUG_INFORMATION_FORMAT = dwarf;
				ENABLE_STRICT_OBJC_MSGSEND = YES;
				ENABLE_TESTABILITY = YES;
				GCC_C_LANGUAGE_STANDARD = gnu11;
				GCC_DYNAMIC_NO_PIC = NO;
				GCC_NO_COMMON_BLOCKS = YES;
				GCC_OPTIMIZATION_LEVEL = 0;
				GCC_PREPROCESSOR_DEFINITIONS = (
					"DEBUG=1",
					"$(inherited)",
				);
				GCC_WARN_64_TO_32_BIT_CONVERSION = YES;
				GCC_WARN_ABOUT_RETURN_TYPE = YES_ERROR;
				GCC_WARN_UNDECLARED_SELECTOR = YES;
				GCC_WARN_UNINITIALIZED_AUTOS = YES_AGGRESSIVE;
				GCC_WARN_UNUSED_FUNCTION = YES;
				GCC_WARN_UNUSED_VARIABLE = YES;
				IPHONEOS_DEPLOYMENT_TARGET = 15.5;
				MTL_ENABLE_DEBUG_INFO = INCLUDE_SOURCE;
				MTL_FAST_MATH = YES;
				ONLY_ACTIVE_ARCH = YES;
				SDKROOT = iphoneos;
				SWIFT_ACTIVE_COMPILATION_CONDITIONS = DEBUG;
				SWIFT_OPTIMIZATION_LEVEL = "-Onone";
			};
			name = Debug;
		};
		FA013F9828C64CC100808E4C /* Release */ = {
			isa = XCBuildConfiguration;
			buildSettings = {
				ALWAYS_SEARCH_USER_PATHS = NO;
				CLANG_ANALYZER_NONNULL = YES;
				CLANG_ANALYZER_NUMBER_OBJECT_CONVERSION = YES_AGGRESSIVE;
				CLANG_CXX_LANGUAGE_STANDARD = "gnu++17";
				CLANG_ENABLE_MODULES = YES;
				CLANG_ENABLE_OBJC_ARC = YES;
				CLANG_ENABLE_OBJC_WEAK = YES;
				CLANG_WARN_BLOCK_CAPTURE_AUTORELEASING = YES;
				CLANG_WARN_BOOL_CONVERSION = YES;
				CLANG_WARN_COMMA = YES;
				CLANG_WARN_CONSTANT_CONVERSION = YES;
				CLANG_WARN_DEPRECATED_OBJC_IMPLEMENTATIONS = YES;
				CLANG_WARN_DIRECT_OBJC_ISA_USAGE = YES_ERROR;
				CLANG_WARN_DOCUMENTATION_COMMENTS = YES;
				CLANG_WARN_EMPTY_BODY = YES;
				CLANG_WARN_ENUM_CONVERSION = YES;
				CLANG_WARN_INFINITE_RECURSION = YES;
				CLANG_WARN_INT_CONVERSION = YES;
				CLANG_WARN_NON_LITERAL_NULL_CONVERSION = YES;
				CLANG_WARN_OBJC_IMPLICIT_RETAIN_SELF = YES;
				CLANG_WARN_OBJC_LITERAL_CONVERSION = YES;
				CLANG_WARN_OBJC_ROOT_CLASS = YES_ERROR;
				CLANG_WARN_QUOTED_INCLUDE_IN_FRAMEWORK_HEADER = YES;
				CLANG_WARN_RANGE_LOOP_ANALYSIS = YES;
				CLANG_WARN_STRICT_PROTOTYPES = YES;
				CLANG_WARN_SUSPICIOUS_MOVE = YES;
				CLANG_WARN_UNGUARDED_AVAILABILITY = YES_AGGRESSIVE;
				CLANG_WARN_UNREACHABLE_CODE = YES;
				CLANG_WARN__DUPLICATE_METHOD_MATCH = YES;
				COPY_PHASE_STRIP = NO;
				DEBUG_INFORMATION_FORMAT = "dwarf-with-dsym";
				ENABLE_NS_ASSERTIONS = NO;
				ENABLE_STRICT_OBJC_MSGSEND = YES;
				GCC_C_LANGUAGE_STANDARD = gnu11;
				GCC_NO_COMMON_BLOCKS = YES;
				GCC_WARN_64_TO_32_BIT_CONVERSION = YES;
				GCC_WARN_ABOUT_RETURN_TYPE = YES_ERROR;
				GCC_WARN_UNDECLARED_SELECTOR = YES;
				GCC_WARN_UNINITIALIZED_AUTOS = YES_AGGRESSIVE;
				GCC_WARN_UNUSED_FUNCTION = YES;
				GCC_WARN_UNUSED_VARIABLE = YES;
				IPHONEOS_DEPLOYMENT_TARGET = 15.5;
				MTL_ENABLE_DEBUG_INFO = NO;
				MTL_FAST_MATH = YES;
				SDKROOT = iphoneos;
				SWIFT_COMPILATION_MODE = wholemodule;
				SWIFT_OPTIMIZATION_LEVEL = "-O";
				VALIDATE_PRODUCT = YES;
			};
			name = Release;
		};
		FA013F9A28C64CC200808E4C /* Debug */ = {
			isa = XCBuildConfiguration;
			baseConfigurationReference = 64ECF1EB1BDEA379B188EDD7 /* Pods-GameOfTHronesCharacters.debug.xcconfig */;
			buildSettings = {
				ASSETCATALOG_COMPILER_APPICON_NAME = AppIcon;
				ASSETCATALOG_COMPILER_GLOBAL_ACCENT_COLOR_NAME = AccentColor;
				CODE_SIGN_STYLE = Automatic;
				CURRENT_PROJECT_VERSION = 1;
				DEVELOPMENT_ASSET_PATHS = "\"GameOfTHronesCharacters/Preview Content\"";
				DEVELOPMENT_TEAM = 2BFW3H2GU9;
				ENABLE_PREVIEWS = YES;
				GENERATE_INFOPLIST_FILE = YES;
				INFOPLIST_FILE = GameOfTHronesCharacters/Info.plist;
				INFOPLIST_KEY_UIApplicationSupportsIndirectInputEvents = YES;
				INFOPLIST_KEY_UILaunchScreen_Generation = YES;
				INFOPLIST_KEY_UISupportedInterfaceOrientations_iPad = "UIInterfaceOrientationPortrait UIInterfaceOrientationPortraitUpsideDown UIInterfaceOrientationLandscapeLeft UIInterfaceOrientationLandscapeRight";
				INFOPLIST_KEY_UISupportedInterfaceOrientations_iPhone = "UIInterfaceOrientationPortrait UIInterfaceOrientationLandscapeLeft UIInterfaceOrientationLandscapeRight";
				LD_RUNPATH_SEARCH_PATHS = (
					"$(inherited)",
					"@executable_path/Frameworks",
				);
				MARKETING_VERSION = 1.0;
				PRODUCT_BUNDLE_IDENTIFIER = "-.GameOfTHronesCharacters";
				PRODUCT_NAME = "$(TARGET_NAME)";
				SWIFT_EMIT_LOC_STRINGS = YES;
				SWIFT_VERSION = 5.0;
				TARGETED_DEVICE_FAMILY = "1,2";
			};
			name = Debug;
		};
		FA013F9B28C64CC200808E4C /* Release */ = {
			isa = XCBuildConfiguration;
			baseConfigurationReference = BAF1B9ED76C7661B30BB533F /* Pods-GameOfTHronesCharacters.release.xcconfig */;
			buildSettings = {
				ASSETCATALOG_COMPILER_APPICON_NAME = AppIcon;
				ASSETCATALOG_COMPILER_GLOBAL_ACCENT_COLOR_NAME = AccentColor;
				CODE_SIGN_STYLE = Automatic;
				CURRENT_PROJECT_VERSION = 1;
				DEVELOPMENT_ASSET_PATHS = "\"GameOfTHronesCharacters/Preview Content\"";
				DEVELOPMENT_TEAM = 2BFW3H2GU9;
				ENABLE_PREVIEWS = YES;
				GENERATE_INFOPLIST_FILE = YES;
				INFOPLIST_FILE = GameOfTHronesCharacters/Info.plist;
				INFOPLIST_KEY_UIApplicationSupportsIndirectInputEvents = YES;
				INFOPLIST_KEY_UILaunchScreen_Generation = YES;
				INFOPLIST_KEY_UISupportedInterfaceOrientations_iPad = "UIInterfaceOrientationPortrait UIInterfaceOrientationPortraitUpsideDown UIInterfaceOrientationLandscapeLeft UIInterfaceOrientationLandscapeRight";
				INFOPLIST_KEY_UISupportedInterfaceOrientations_iPhone = "UIInterfaceOrientationPortrait UIInterfaceOrientationLandscapeLeft UIInterfaceOrientationLandscapeRight";
				LD_RUNPATH_SEARCH_PATHS = (
					"$(inherited)",
					"@executable_path/Frameworks",
				);
				MARKETING_VERSION = 1.0;
				PRODUCT_BUNDLE_IDENTIFIER = "-.GameOfTHronesCharacters";
				PRODUCT_NAME = "$(TARGET_NAME)";
				SWIFT_EMIT_LOC_STRINGS = YES;
				SWIFT_VERSION = 5.0;
				TARGETED_DEVICE_FAMILY = "1,2";
			};
			name = Release;
		};
/* End XCBuildConfiguration section */

/* Begin XCConfigurationList section */
		FA013F8628C64CBF00808E4C /* Build configuration list for PBXProject "GameOfTHronesCharacters" */ = {
			isa = XCConfigurationList;
			buildConfigurations = (
				FA013F9728C64CC100808E4C /* Debug */,
				FA013F9828C64CC100808E4C /* Release */,
			);
			defaultConfigurationIsVisible = 0;
			defaultConfigurationName = Release;
		};
		FA013F9928C64CC200808E4C /* Build configuration list for PBXNativeTarget "GameOfTHronesCharacters" */ = {
			isa = XCConfigurationList;
			buildConfigurations = (
				FA013F9A28C64CC200808E4C /* Debug */,
				FA013F9B28C64CC200808E4C /* Release */,
			);
			defaultConfigurationIsVisible = 0;
			defaultConfigurationName = Release;
		};
/* End XCConfigurationList section */
	};
	rootObject = FA013F8328C64CBF00808E4C /* Project object */;
}
